
Microsoft Visual Studio Solution File, Format Version 12.00
# Visual Studio 15
VisualStudioVersion = 15.0.28307.438
MinimumVisualStudioVersion = 10.0.40219.1
Project("{8BC9CEB8-8B4A-11D0-8D11-00A0C91BC942}") = "HGradius", "HGradius\HGradius.vcxproj", "{6450CCBE-2675-46D7-96CF-70988728243A}"
EndProject
Global
	GlobalSection(SolutionConfigurationPlatforms) = preSolution
		Debug|x64 = Debug|x64
		Debug|x86 = Debug|x86
		Release|x64 = Release|x64
		Release|x86 = Release|x86
	EndGlobalSection
	GlobalSection(ProjectConfigurationPlatforms) = postSolution
		{6450CCBE-2675-46D7-96CF-70988728243A}.Debug|x64.ActiveCfg = Debug|x64
		{6450CCBE-2675-46D7-96CF-70988728243A}.Debug|x64.Build.0 = Debug|x64
		{6450CCBE-2675-46D7-96CF-70988728243A}.Debug|x86.ActiveCfg = Debug|Win32
		{6450CCBE-2675-46D7-96CF-70988728243A}.Debug|x86.Build.0 = Debug|Win32
		{6450CCBE-2675-46D7-96CF-70988728243A}.Release|x64.ActiveCfg = Release|x64
		{6450CCBE-2675-46D7-96CF-70988728243A}.Release|x64.Build.0 = Release|x64
		{6450CCBE-2675-46D7-96CF-70988728243A}.Release|x86.ActiveCfg = Release|Win32
		{6450CCBE-2675-46D7-96CF-70988728243A}.Release|x86.Build.0 = Release|Win32
	EndGlobalSection
	GlobalSection(SolutionProperties) = preSolution
		HideSolutionNode = FALSE
	EndGlobalSection
	GlobalSection(ExtensibilityGlobals) = postSolution
		SolutionGuid = {C69EDEB5-0899-49EA-A8AF-788B31DAC50A}
	EndGlobalSection
EndGlobal
