<?xml version="1.0" encoding="utf-8"?>
<Project ToolsVersion="4.0" xmlns="http://schemas.microsoft.com/developer/msbuild/2003">
  <ItemGroup>
    <Filter Include="Source">
      <UniqueIdentifier>{e7df7dcb-a241-4099-b298-e126acdc4501}</UniqueIdentifier>
    </Filter>
    <Filter Include="Headers">
      <UniqueIdentifier>{d285174b-b94a-4a8d-8551-e6bc1ec0eed2}</UniqueIdentifier>
    </Filter>
    <Filter Include="Code">
      <UniqueIdentifier>{bc8a106b-1633-4610-bed9-719b55813370}</UniqueIdentifier>
    </Filter>
  </ItemGroup>
  <ItemGroup>
    <ClCompile Include="..\src\main.cpp">
      <Filter>Source</Filter>
    </ClCompile>
    <ClCompile Include="..\src\Screens\Credits.cpp">
      <Filter>Code</Filter>
    </ClCompile>
    <ClCompile Include="..\src\Screens\FinalMenu.cpp">
      <Filter>Code</Filter>
    </ClCompile>
    <ClCompile Include="..\src\Screens\GamePlay.cpp">
      <Filter>Code</Filter>
    </ClCompile>
    <ClCompile Include="..\src\Screens\Menu.cpp">
      <Filter>Code</Filter>
    </ClCompile>
    <ClCompile Include="..\src\Game\Game.cpp">
      <Filter>Code</Filter>
    </ClCompile>
    <ClCompile Include="..\src\GameObjects\Player.cpp">
      <Filter>Code</Filter>
    </ClCompile>
    <ClCompile Include="..\src\Globals\Global.cpp">
      <Filter>Code</Filter>
    </ClCompile>
  </ItemGroup>
  <ItemGroup>
    <ClInclude Include="..\src\Screens\Credits.h">
      <Filter>Headers</Filter>
    </ClInclude>
    <ClInclude Include="..\src\Screens\FinalMenu.h">
      <Filter>Headers</Filter>
    </ClInclude>
    <ClInclude Include="..\src\Screens\GamePlay.h">
      <Filter>Headers</Filter>
    </ClInclude>
    <ClInclude Include="..\src\Screens\Menu.h">
      <Filter>Headers</Filter>
    </ClInclude>
    <ClInclude Include="..\src\Game\Game.h">
      <Filter>Headers</Filter>
    </ClInclude>
    <ClInclude Include="..\src\GameObjects\Player.h">
      <Filter>Headers</Filter>
    </ClInclude>
    <ClInclude Include="..\src\Globals\Global.h">
      <Filter>Headers</Filter>
    </ClInclude>
  </ItemGroup>
</Project>